
Microsoft Visual Studio Solution File, Format Version 12.00
# Visual Studio Version 17
VisualStudioVersion = 17.0.31903.59
MinimumVisualStudioVersion = 10.0.40219.1
Project("{FAE04EC0-301F-11D3-BF4B-00C04F79EFBC}") = "Zbw.Carrent", "src\Zbw.Carrent\Zbw.Carrent.csproj", "{7333225B-B1D6-401B-BE01-C98EEA3171BE}"
EndProject
Global
	GlobalSection(SolutionConfigurationPlatforms) = preSolution
		Debug|Any CPU = Debug|Any CPU
		Release|Any CPU = Release|Any CPU
	EndGlobalSection
	GlobalSection(ProjectConfigurationPlatforms) = postSolution
		{7333225B-B1D6-401B-BE01-C98EEA3171BE}.Debug|Any CPU.ActiveCfg = Debug|Any CPU
		{7333225B-B1D6-401B-BE01-C98EEA3171BE}.Debug|Any CPU.Build.0 = Debug|Any CPU
		{7333225B-B1D6-401B-BE01-C98EEA3171BE}.Release|Any CPU.ActiveCfg = Release|Any CPU
		{7333225B-B1D6-401B-BE01-C98EEA3171BE}.Release|Any CPU.Build.0 = Release|Any CPU
	EndGlobalSection
	GlobalSection(SolutionProperties) = preSolution
		HideSolutionNode = FALSE
	EndGlobalSection
	GlobalSection(ExtensibilityGlobals) = postSolution
		SolutionGuid = {78AEAEAA-37E0-450F-B43A-941D0DAEFB35}
	EndGlobalSection
EndGlobal
